
Microsoft Visual Studio Solution File, Format Version 12.00
# Visual Studio Version 16
VisualStudioVersion = 16.0.31321.278
MinimumVisualStudioVersion = 10.0.40219.1
Project("{FAE04EC0-301F-11D3-BF4B-00C04F79EFBC}") = "XF.Android", "XF\XF.Android\XF.Android.csproj", "{FBE2FC4F-D1F0-4862-9B9F-FD7D9D73E4A0}"
EndProject
Project("{FAE04EC0-301F-11D3-BF4B-00C04F79EFBC}") = "XF.iOS", "XF\XF.iOS\XF.iOS.csproj", "{0A1884C5-0FD3-4E8B-AF8F-952491AB75D1}"
EndProject
Project("{FAE04EC0-301F-11D3-BF4B-00C04F79EFBC}") = "XF", "XF\XF\XF.csproj", "{8C813513-460F-4679-B352-7335A908DA2E}"
EndProject
Global
	GlobalSection(SolutionConfigurationPlatforms) = preSolution
		Debug|Any CPU = Debug|Any CPU
		Debug|iPhone = Debug|iPhone
		Debug|iPhoneSimulator = Debug|iPhoneSimulator
		Release|Any CPU = Release|Any CPU
		Release|iPhone = Release|iPhone
		Release|iPhoneSimulator = Release|iPhoneSimulator
	EndGlobalSection
	GlobalSection(ProjectConfigurationPlatforms) = postSolution
		{FBE2FC4F-D1F0-4862-9B9F-FD7D9D73E4A0}.Debug|Any CPU.ActiveCfg = Debug|Any CPU
		{FBE2FC4F-D1F0-4862-9B9F-FD7D9D73E4A0}.Debug|Any CPU.Build.0 = Debug|Any CPU
		{FBE2FC4F-D1F0-4862-9B9F-FD7D9D73E4A0}.Debug|Any CPU.Deploy.0 = Debug|Any CPU
		{FBE2FC4F-D1F0-4862-9B9F-FD7D9D73E4A0}.Debug|iPhone.ActiveCfg = Debug|Any CPU
		{FBE2FC4F-D1F0-4862-9B9F-FD7D9D73E4A0}.Debug|iPhone.Build.0 = Debug|Any CPU
		{FBE2FC4F-D1F0-4862-9B9F-FD7D9D73E4A0}.Debug|iPhone.Deploy.0 = Debug|Any CPU
		{FBE2FC4F-D1F0-4862-9B9F-FD7D9D73E4A0}.Debug|iPhoneSimulator.ActiveCfg = Debug|Any CPU
		{FBE2FC4F-D1F0-4862-9B9F-FD7D9D73E4A0}.Debug|iPhoneSimulator.Build.0 = Debug|Any CPU
		{FBE2FC4F-D1F0-4862-9B9F-FD7D9D73E4A0}.Debug|iPhoneSimulator.Deploy.0 = Debug|Any CPU
		{FBE2FC4F-D1F0-4862-9B9F-FD7D9D73E4A0}.Release|Any CPU.ActiveCfg = Release|Any CPU
		{FBE2FC4F-D1F0-4862-9B9F-FD7D9D73E4A0}.Release|Any CPU.Build.0 = Release|Any CPU
		{FBE2FC4F-D1F0-4862-9B9F-FD7D9D73E4A0}.Release|Any CPU.Deploy.0 = Release|Any CPU
		{FBE2FC4F-D1F0-4862-9B9F-FD7D9D73E4A0}.Release|iPhone.ActiveCfg = Release|Any CPU
		{FBE2FC4F-D1F0-4862-9B9F-FD7D9D73E4A0}.Release|iPhone.Build.0 = Release|Any CPU
		{FBE2FC4F-D1F0-4862-9B9F-FD7D9D73E4A0}.Release|iPhone.Deploy.0 = Release|Any CPU
		{FBE2FC4F-D1F0-4862-9B9F-FD7D9D73E4A0}.Release|iPhoneSimulator.ActiveCfg = Release|Any CPU
		{FBE2FC4F-D1F0-4862-9B9F-FD7D9D73E4A0}.Release|iPhoneSimulator.Build.0 = Release|Any CPU
		{FBE2FC4F-D1F0-4862-9B9F-FD7D9D73E4A0}.Release|iPhoneSimulator.Deploy.0 = Release|Any CPU
		{0A1884C5-0FD3-4E8B-AF8F-952491AB75D1}.Debug|Any CPU.ActiveCfg = Debug|iPhone
		{0A1884C5-0FD3-4E8B-AF8F-952491AB75D1}.Debug|Any CPU.Build.0 = Debug|iPhone
		{0A1884C5-0FD3-4E8B-AF8F-952491AB75D1}.Debug|Any CPU.Deploy.0 = Debug|iPhone
		{0A1884C5-0FD3-4E8B-AF8F-952491AB75D1}.Debug|iPhone.ActiveCfg = Debug|iPhone
		{0A1884C5-0FD3-4E8B-AF8F-952491AB75D1}.Debug|iPhone.Build.0 = Debug|iPhone
		{0A1884C5-0FD3-4E8B-AF8F-952491AB75D1}.Debug|iPhone.Deploy.0 = Debug|iPhone
		{0A1884C5-0FD3-4E8B-AF8F-952491AB75D1}.Debug|iPhoneSimulator.ActiveCfg = Debug|iPhoneSimulator
		{0A1884C5-0FD3-4E8B-AF8F-952491AB75D1}.Debug|iPhoneSimulator.Build.0 = Debug|iPhoneSimulator
		{0A1884C5-0FD3-4E8B-AF8F-952491AB75D1}.Debug|iPhoneSimulator.Deploy.0 = Debug|iPhoneSimulator
		{0A1884C5-0FD3-4E8B-AF8F-952491AB75D1}.Release|Any CPU.ActiveCfg = Release|iPhoneSimulator
		{0A1884C5-0FD3-4E8B-AF8F-952491AB75D1}.Release|Any CPU.Build.0 = Release|iPhoneSimulator
		{0A1884C5-0FD3-4E8B-AF8F-952491AB75D1}.Release|Any CPU.Deploy.0 = Release|iPhoneSimulator
		{0A1884C5-0FD3-4E8B-AF8F-952491AB75D1}.Release|iPhone.ActiveCfg = Release|iPhone
		{0A1884C5-0FD3-4E8B-AF8F-952491AB75D1}.Release|iPhone.Build.0 = Release|iPhone
		{0A1884C5-0FD3-4E8B-AF8F-952491AB75D1}.Release|iPhone.Deploy.0 = Release|iPhone
		{0A1884C5-0FD3-4E8B-AF8F-952491AB75D1}.Release|iPhoneSimulator.ActiveCfg = Release|iPhoneSimulator
		{0A1884C5-0FD3-4E8B-AF8F-952491AB75D1}.Release|iPhoneSimulator.Build.0 = Release|iPhoneSimulator
		{0A1884C5-0FD3-4E8B-AF8F-952491AB75D1}.Release|iPhoneSimulator.Deploy.0 = Release|iPhoneSimulator
		{8C813513-460F-4679-B352-7335A908DA2E}.Debug|Any CPU.ActiveCfg = Debug|Any CPU
		{8C813513-460F-4679-B352-7335A908DA2E}.Debug|Any CPU.Build.0 = Debug|Any CPU
		{8C813513-460F-4679-B352-7335A908DA2E}.Debug|Any CPU.Deploy.0 = Debug|Any CPU
		{8C813513-460F-4679-B352-7335A908DA2E}.Debug|iPhone.ActiveCfg = Debug|Any CPU
		{8C813513-460F-4679-B352-7335A908DA2E}.Debug|iPhone.Build.0 = Debug|Any CPU
		{8C813513-460F-4679-B352-7335A908DA2E}.Debug|iPhone.Deploy.0 = Debug|Any CPU
		{8C813513-460F-4679-B352-7335A908DA2E}.Debug|iPhoneSimulator.ActiveCfg = Debug|Any CPU
		{8C813513-460F-4679-B352-7335A908DA2E}.Debug|iPhoneSimulator.Build.0 = Debug|Any CPU
		{8C813513-460F-4679-B352-7335A908DA2E}.Debug|iPhoneSimulator.Deploy.0 = Debug|Any CPU
		{8C813513-460F-4679-B352-7335A908DA2E}.Release|Any CPU.ActiveCfg = Release|Any CPU
		{8C813513-460F-4679-B352-7335A908DA2E}.Release|Any CPU.Build.0 = Release|Any CPU
		{8C813513-460F-4679-B352-7335A908DA2E}.Release|Any CPU.Deploy.0 = Release|Any CPU
		{8C813513-460F-4679-B352-7335A908DA2E}.Release|iPhone.ActiveCfg = Release|Any CPU
		{8C813513-460F-4679-B352-7335A908DA2E}.Release|iPhone.Build.0 = Release|Any CPU
		{8C813513-460F-4679-B352-7335A908DA2E}.Release|iPhone.Deploy.0 = Release|Any CPU
		{8C813513-460F-4679-B352-7335A908DA2E}.Release|iPhoneSimulator.ActiveCfg = Release|Any CPU
		{8C813513-460F-4679-B352-7335A908DA2E}.Release|iPhoneSimulator.Build.0 = Release|Any CPU
		{8C813513-460F-4679-B352-7335A908DA2E}.Release|iPhoneSimulator.Deploy.0 = Release|Any CPU
	EndGlobalSection
	GlobalSection(SolutionProperties) = preSolution
		HideSolutionNode = FALSE
	EndGlobalSection
	GlobalSection(ExtensibilityGlobals) = postSolution
		SolutionGuid = {415A18F8-84B9-471C-9CD6-1768B2FF2A3C}
	EndGlobalSection
EndGlobal
